{
  "name": "@carbonenginejs/engine-webgpu",
  "version": "0.3.0",
  "lockfileVersion": 3,
  "requires": true,
  "packages": {
    "": {
      "name": "@carbonenginejs/engine-webgpu",
      "version": "0.3.0",
      "license": "MIT",
      "devDependencies": {
        "@carbonenginejs/format-webgpu": "^0.4.1",
        "playwright": "^1.61.1"
      },
      "engines": {
        "node": ">=18"
      }
    },
    "node_modules/@carbonenginejs/format-dxbc": {
      "version": "0.1.3",
      "resolved": "https://registry.npmjs.org/@carbonenginejs/format-dxbc/-/format-dxbc-0.1.3.tgz",
      "integrity": "sha512-n8ilg7zZLDbfp4wooB+7uedoLxoCH8KW9kBswaFl9W65XAedDZG/UEE5/BLYILdH9wScfFMqXwmlkDEtP67GjA==",
      "dev": true,
      "license": "MIT",
      "engines": {
        "node": ">=18"
      }
    },
    "node_modules/@carbonenginejs/format-hlsl": {
      "version": "0.1.3",
      "resolved": "https://registry.npmjs.org/@carbonenginejs/format-hlsl/-/format-hlsl-0.1.3.tgz",
      "integrity": "sha512-E/SME5RPmhKojgnjmsRgWSyMGF8wilBoCW2o2yafyC3WKjzVCDWKDrSFhCCHQAHIfprj4S5GaSReu+Jtcy/w+Q==",
      "dev": true,
      "license": "MIT",
      "bin": {
        "format-hlsl": "bin/format-hlsl.js"
      },
      "engines": {
        "node": ">=18"
      }
    },
    "node_modules/@carbonenginejs/format-webgpu": {
      "version": "0.4.1",
      "resolved": "https://registry.npmjs.org/@carbonenginejs/format-webgpu/-/format-webgpu-0.4.1.tgz",
      "integrity": "sha512-/kK/5VTa0hOi1y49fIoEDr1x+Alfm1g3Co2U942z5vbj9izzynkcLfDLTadjnSmqW4HhAVbLluiLyuyNRo0aiA==",
      "dev": true,
      "license": "MIT",
      "dependencies": {
        "@carbonenginejs/format-dxbc": "^0.1.2",
        "@carbonenginejs/format-hlsl": "^0.1.1"
      },
      "engines": {
        "node": ">=18"
      }
    },
    "node_modules/fsevents": {
      "version": "2.3.2",
      "resolved": "https://registry.npmjs.org/fsevents/-/fsevents-2.3.2.tgz",
      "integrity": "sha512-xiqMQR4xAeHTuB9uWm+fFRcIOgKBMiOBP+eXiyT7jsgVCq1bkVygt00oASowB7EdtpOHaaPgKt812P9ab+DDKA==",
      "dev": true,
      "hasInstallScript": true,
      "license": "MIT",
      "optional": true,
      "os": [
        "darwin"
      ],
      "engines": {
        "node": "^8.16.0 || ^10.6.0 || >=11.0.0"
      }
    },
    "node_modules/playwright": {
      "version": "1.61.1",
      "resolved": "https://registry.npmjs.org/playwright/-/playwright-1.61.1.tgz",
      "integrity": "sha512-DWnY5o3YbLWK4GovuAVwpqL+1VwGNdUGrRr++8j8PtQQzvAVZUIMjKQ90fY689sEJZJBbZVw1rXaOKSTitkzPQ==",
      "dev": true,
      "license": "Apache-2.0",
      "dependencies": {
        "playwright-core": "1.61.1"
      },
      "bin": {
        "playwright": "cli.js"
      },
      "engines": {
        "node": ">=18"
      },
      "optionalDependencies": {
        "fsevents": "2.3.2"
      }
    },
    "node_modules/playwright-core": {
      "version": "1.61.1",
      "resolved": "https://registry.npmjs.org/playwright-core/-/playwright-core-1.61.1.tgz",
      "integrity": "sha512-h7Qlt6m4REp25qvIdvbDtVmD4LqVXfpRxhORv9L0jzETM05p4fuPJ3dKyuSXQxDSbXnmS79HAgi9589lGSpLkg==",
      "dev": true,
      "license": "Apache-2.0",
      "bin": {
        "playwright-core": "cli.js"
      },
      "engines": {
        "node": ">=18"
      }
    }
  }
}
